
Microsoft Visual Studio Solution File, Format Version 12.00
# Visual Studio Version 17
VisualStudioVersion = 17.3.32922.545
MinimumVisualStudioVersion = 10.0.40219.1
Project("{FAE04EC0-301F-11D3-BF4B-00C04F79EFBC}") = "ServiceAPI", "ServiceAPI\ServiceAPI.csproj", "{E6C6DB1C-804A-490C-AA0E-87CF66CDB578}"
EndProject
Global
	GlobalSection(SolutionConfigurationPlatforms) = preSolution
		Debug|Any CPU = Debug|Any CPU
		Release|Any CPU = Release|Any CPU
	EndGlobalSection
	GlobalSection(ProjectConfigurationPlatforms) = postSolution
		{E6C6DB1C-804A-490C-AA0E-87CF66CDB578}.Debug|Any CPU.ActiveCfg = Debug|Any CPU
		{E6C6DB1C-804A-490C-AA0E-87CF66CDB578}.Debug|Any CPU.Build.0 = Debug|Any CPU
		{E6C6DB1C-804A-490C-AA0E-87CF66CDB578}.Release|Any CPU.ActiveCfg = Release|Any CPU
		{E6C6DB1C-804A-490C-AA0E-87CF66CDB578}.Release|Any CPU.Build.0 = Release|Any CPU
	EndGlobalSection
	GlobalSection(SolutionProperties) = preSolution
		HideSolutionNode = FALSE
	EndGlobalSection
	GlobalSection(ExtensibilityGlobals) = postSolution
		SolutionGuid = {601693A4-1836-447C-AAAE-081FB6E4A9C6}
	EndGlobalSection
EndGlobal
